// !$*UTF8*$!
{
	archiveVersion = 1;
	classes = {
	};
	objectVersion = 46;
	objects = {

/* Begin PBXBuildFile section */
		E2270E701EE8F8780088AA9D /* main.m in Sources */ = {isa = PBXBuildFile; fileRef = E2270E6F1EE8F8780088AA9D /* main.m */; };
		E2270E731EE8F8780088AA9D /* AppDelegate.m in Sources */ = {isa = PBXBuildFile; fileRef = E2270E721EE8F8780088AA9D /* AppDelegate.m */; };
		E2270E761EE8F8780088AA9D /* ViewController.m in Sources */ = {isa = PBXBuildFile; fileRef = E2270E751EE8F8780088AA9D /* ViewController.m */; };
		E2270E791EE8F8780088AA9D /* Main.storyboard in Resources */ = {isa = PBXBuildFile; fileRef = E2270E771EE8F8780088AA9D /* Main.storyboard */; };
		E2270E7B1EE8F8780088AA9D /* Assets.xcassets in Resources */ = {isa = PBXBuildFile; fileRef = E2270E7A1EE8F8780088AA9D /* Assets.xcassets */; };
		E2270E7E1EE8F8780088AA9D /* LaunchScreen.storyboard in Resources */ = {isa = PBXBuildFile; fileRef = E2270E7C1EE8F8780088AA9D /* LaunchScreen.storyboard */; };
		E2270E871EE8F8CE0088AA9D /* YXLToastView.m in Sources */ = {isa = PBXBuildFile; fileRef = E2270E861EE8F8CE0088AA9D /* YXLToastView.m */; };
		E2270E8B1EE901140088AA9D /* YXLToastContentView.m in Sources */ = {isa = PBXBuildFile; fileRef = E2270E8A1EE901140088AA9D /* YXLToastContentView.m */; };
		E2270E8D1EE935450088AA9D /* dailog_failure.png in Resources */ = {isa = PBXBuildFile; fileRef = E2270E8C1EE935440088AA9D /* dailog_failure.png */; };
/* End PBXBuildFile section */

/* Begin PBXFileReference section */
		E2270E6B1EE8F8780088AA9D /* YXLToastView.app */ = {isa = PBXFileReference; explicitFileType = wrapper.application; includeInIndex = 0; path = YXLToastView.app; sourceTree = BUILT_PRODUCTS_DIR; };
		E2270E6F1EE8F8780088AA9D /* main.m */ = {isa = PBXFileReference; lastKnownFileType = sourcecode.c.objc; path = main.m; sourceTree = "<group>"; };
		E2270E711EE8F8780088AA9D /* AppDelegate.h */ = {isa = PBXFileReference; lastKnownFileType = sourcecode.c.h; path = AppDelegate.h; sourceTree = "<group>"; };
		E2270E721EE8F8780088AA9D /* AppDelegate.m */ = {isa = PBXFileReference; lastKnownFileType = sourcecode.c.objc; path = AppDelegate.m; sourceTree = "<group>"; };
		E2270E741EE8F8780088AA9D /* ViewController.h */ = {isa = PBXFileReference; lastKnownFileType = sourcecode.c.h; path = ViewController.h; sourceTree = "<group>"; };
		E2270E751EE8F8780088AA9D /* ViewController.m */ = {isa = PBXFileReference; lastKnownFileType = sourcecode.c.objc; path = ViewController.m; sourceTree = "<group>"; };
		E2270E781EE8F8780088AA9D /* Base */ = {isa = PBXFileReference; lastKnownFileType = file.storyboard; name = Base; path = Base.lproj/Main.storyboard; sourceTree = "<group>"; };
		E2270E7A1EE8F8780088AA9D /* Assets.xcassets */ = {isa = PBXFileReference; lastKnownFileType = folder.assetcatalog; path = Assets.xcassets; sourceTree = "<group>"; };
		E2270E7D1EE8F8780088AA9D /* Base */ = {isa = PBXFileReference; lastKnownFileType = file.storyboard; name = Base; path = Base.lproj/LaunchScreen.storyboard; sourceTree = "<group>"; };
		E2270E7F1EE8F8780088AA9D /* Info.plist */ = {isa = PBXFileReference; lastKnownFileType = text.plist.xml; path = Info.plist; sourceTree = "<group>"; };
		E2270E851EE8F8CE0088AA9D /* YXLToastView.h */ = {isa = PBXFileReference; fileEncoding = 4; lastKnownFileType = sourcecode.c.h; name = YXLToastView.h; path = YXLToastView/YXLToastView.h; sourceTree = "<group>"; };
		E2270E861EE8F8CE0088AA9D /* YXLToastView.m */ = {isa = PBXFileReference; fileEncoding = 4; lastKnownFileType = sourcecode.c.objc; name = YXLToastView.m; path = YXLToastView/YXLToastView.m; sourceTree = "<group>"; };
		E2270E891EE901140088AA9D /* YXLToastContentView.h */ = {isa = PBXFileReference; fileEncoding = 4; lastKnownFileType = sourcecode.c.h; name = YXLToastContentView.h; path = YXLToastView/YXLToastContentView.h; sourceTree = "<group>"; };
		E2270E8A1EE901140088AA9D /* YXLToastContentView.m */ = {isa = PBXFileReference; fileEncoding = 4; lastKnownFileType = sourcecode.c.objc; name = YXLToastContentView.m; path = YXLToastView/YXLToastContentView.m; sourceTree = "<group>"; };
		E2270E8C1EE935440088AA9D /* dailog_failure.png */ = {isa = PBXFileReference; lastKnownFileType = image.png; path = dailog_failure.png; sourceTree = "<group>"; };
/* End PBXFileReference section */

/* Begin PBXFrameworksBuildPhase section */
		E2270E681EE8F8780088AA9D /* Frameworks */ = {
			isa = PBXFrameworksBuildPhase;
			buildActionMask = 2147483647;
			files = (
			);
			runOnlyForDeploymentPostprocessing = 0;
		};
/* End PBXFrameworksBuildPhase section */

/* Begin PBXGroup section */
		E2270E621EE8F8780088AA9D = {
			isa = PBXGroup;
			children = (
				E2270E6D1EE8F8780088AA9D /* YXLToastView */,
				E2270E6C1EE8F8780088AA9D /* Products */,
			);
			sourceTree = "<group>";
		};
		E2270E6C1EE8F8780088AA9D /* Products */ = {
			isa = PBXGroup;
			children = (
				E2270E6B1EE8F8780088AA9D /* YXLToastView.app */,
			);
			name = Products;
			sourceTree = "<group>";
		};
		E2270E6D1EE8F8780088AA9D /* YXLToastView */ = {
			isa = PBXGroup;
			children = (
				E2270E8C1EE935440088AA9D /* dailog_failure.png */,
				E2270E711EE8F8780088AA9D /* AppDelegate.h */,
				E2270E721EE8F8780088AA9D /* AppDelegate.m */,
				E2270E741EE8F8780088AA9D /* ViewController.h */,
				E2270E751EE8F8780088AA9D /* ViewController.m */,
				E2270E771EE8F8780088AA9D /* Main.storyboard */,
				E2270E7A1EE8F8780088AA9D /* Assets.xcassets */,
				E2270E7C1EE8F8780088AA9D /* LaunchScreen.storyboard */,
				E2270E7F1EE8F8780088AA9D /* Info.plist */,
				E2270E6E1EE8F8780088AA9D /* Supporting Files */,
				E2270E881EE8F8D30088AA9D /* YXLToastView */,
			);
			path = YXLToastView;
			sourceTree = "<group>";
		};
		E2270E6E1EE8F8780088AA9D /* Supporting Files */ = {
			isa = PBXGroup;
			children = (
				E2270E6F1EE8F8780088AA9D /* main.m */,
			);
			name = "Supporting Files";
			sourceTree = "<group>";
		};
		E2270E881EE8F8D30088AA9D /* YXLToastView */ = {
			isa = PBXGroup;
			children = (
				E2270E851EE8F8CE0088AA9D /* YXLToastView.h */,
				E2270E861EE8F8CE0088AA9D /* YXLToastView.m */,
				E2270E891EE901140088AA9D /* YXLToastContentView.h */,
				E2270E8A1EE901140088AA9D /* YXLToastContentView.m */,
			);
			name = YXLToastView;
			sourceTree = "<group>";
		};
/* End PBXGroup section */

/* Begin PBXNativeTarget section */
		E2270E6A1EE8F8780088AA9D /* YXLToastView */ = {
			isa = PBXNativeTarget;
			buildConfigurationList = E2270E821EE8F8780088AA9D /* Build configuration list for PBXNativeTarget "YXLToastView" */;
			buildPhases = (
				E2270E671EE8F8780088AA9D /* Sources */,
				E2270E681EE8F8780088AA9D /* Frameworks */,
				E2270E691EE8F8780088AA9D /* Resources */,
			);
			buildRules = (
			);
			dependencies = (
			);
			name = YXLToastView;
			productName = YXLToastView;
			productReference = E2270E6B1EE8F8780088AA9D /* YXLToastView.app */;
			productType = "com.apple.product-type.application";
		};
/* End PBXNativeTarget section */

/* Begin PBXProject section */
		E2270E631EE8F8780088AA9D /* Project object */ = {
			isa = PBXProject;
			attributes = {
				LastUpgradeCheck = 0830;
				ORGANIZATIONNAME = yingxl1992;
				TargetAttributes = {
					E2270E6A1EE8F8780088AA9D = {
						CreatedOnToolsVersion = 8.3.2;
						DevelopmentTeam = 8GB5VM96LY;
						ProvisioningStyle = Automatic;
					};
				};
			};
			buildConfigurationList = E2270E661EE8F8780088AA9D /* Build configuration list for PBXProject "YXLToastView" */;
			compatibilityVersion = "Xcode 3.2";
			developmentRegion = English;
			hasScannedForEncodings = 0;
			knownRegions = (
				en,
				Base,
			);
			mainGroup = E2270E621EE8F8780088AA9D;
			productRefGroup = E2270E6C1EE8F8780088AA9D /* Products */;
			projectDirPath = "";
			projectRoot = "";
			targets = (
				E2270E6A1EE8F8780088AA9D /* YXLToastView */,
			);
		};
/* End PBXProject section */

/* Begin PBXResourcesBuildPhase section */
		E2270E691EE8F8780088AA9D /* Resources */ = {
			isa = PBXResourcesBuildPhase;
			buildActionMask = 2147483647;
			files = (
				E2270E8D1EE935450088AA9D /* dailog_failure.png in Resources */,
				E2270E7E1EE8F8780088AA9D /* LaunchScreen.storyboard in Resources */,
				E2270E7B1EE8F8780088AA9D /* Assets.xcassets in Resources */,
				E2270E791EE8F8780088AA9D /* Main.storyboard in Resources */,
			);
			runOnlyForDeploymentPostprocessing = 0;
		};
/* End PBXResourcesBuildPhase section */

/* Begin PBXSourcesBuildPhase section */
		E2270E671EE8F8780088AA9D /* Sources */ = {
			isa = PBXSourcesBuildPhase;
			buildActionMask = 2147483647;
			files = (
				E2270E871EE8F8CE0088AA9D /* YXLToastView.m in Sources */,
				E2270E761EE8F8780088AA9D /* ViewController.m in Sources */,
				E2270E731EE8F8780088AA9D /* AppDelegate.m in Sources */,
				E2270E8B1EE901140088AA9D /* YXLToastContentView.m in Sources */,
				E2270E701EE8F8780088AA9D /* main.m in Sources */,
			);
			runOnlyForDeploymentPostprocessing = 0;
		};
/* End PBXSourcesBuildPhase section */

/* Begin PBXVariantGroup section */
		E2270E771EE8F8780088AA9D /* Main.storyboard */ = {
			isa = PBXVariantGroup;
			children = (
				E2270E781EE8F8780088AA9D /* Base */,
			);
			name = Main.storyboard;
			sourceTree = "<group>";
		};
		E2270E7C1EE8F8780088AA9D /* LaunchScreen.storyboard */ = {
			isa = PBXVariantGroup;
			children = (
				E2270E7D1EE8F8780088AA9D /* Base */,
			);
			name = LaunchScreen.storyboard;
			sourceTree = "<group>";
		};
/* End PBXVariantGroup section */

/* Begin XCBuildConfiguration section */
		E2270E801EE8F8780088AA9D /* Debug */ = {
			isa = XCBuildConfiguration;
			buildSettings = {
				ALWAYS_SEARCH_USER_PATHS = NO;
				CLANG_ANALYZER_NONNULL = YES;
				CLANG_ANALYZER_NUMBER_OBJECT_CONVERSION = YES_AGGRESSIVE;
				CLANG_CXX_LANGUAGE_STANDARD = "gnu++0x";
				CLANG_CXX_LIBRARY = "libc++";
				CLANG_ENABLE_MODULES = YES;
				CLANG_ENABLE_OBJC_ARC = YES;
				CLANG_WARN_BOOL_CONVERSION = YES;
				CLANG_WARN_CONSTANT_CONVERSION = YES;
				CLANG_WARN_DIRECT_OBJC_ISA_USAGE = YES_ERROR;
				CLANG_WARN_DOCUMENTATION_COMMENTS = YES;
				CLANG_WARN_EMPTY_BODY = YES;
				CLANG_WARN_ENUM_CONVERSION = YES;
				CLANG_WARN_INFINITE_RECURSION = YES;
				CLANG_WARN_INT_CONVERSION = YES;
				CLANG_WARN_OBJC_ROOT_CLASS = YES_ERROR;
				CLANG_WARN_SUSPICIOUS_MOVE = YES;
				CLANG_WARN_UNREACHABLE_CODE = YES;
				CLANG_WARN__DUPLICATE_METHOD_MATCH = YES;
				"CODE_SIGN_IDENTITY[sdk=iphoneos*]" = "iPhone Developer";
				COPY_PHASE_STRIP = NO;
				DEBUG_INFORMATION_FORMAT = dwarf;
				ENABLE_STRICT_OBJC_MSGSEND = YES;
				ENABLE_TESTABILITY = YES;
				GCC_C_LANGUAGE_STANDARD = gnu99;
				GCC_DYNAMIC_NO_PIC = NO;
				GCC_NO_COMMON_BLOCKS = YES;
				GCC_OPTIMIZATION_LEVEL = 0;
				GCC_PREPROCESSOR_DEFINITIONS = (
					"DEBUG=1",
					"$(inherited)",
				);
				GCC_WARN_64_TO_32_BIT_CONVERSION = YES;
				GCC_WARN_ABOUT_RETURN_TYPE = YES_ERROR;
				GCC_WARN_UNDECLARED_SELECTOR = YES;
				GCC_WARN_UNINITIALIZED_AUTOS = YES_AGGRESSIVE;
				GCC_WARN_UNUSED_FUNCTION = YES;
				GCC_WARN_UNUSED_VARIABLE = YES;
				IPHONEOS_DEPLOYMENT_TARGET = 10.3;
				MTL_ENABLE_DEBUG_INFO = YES;
				ONLY_ACTIVE_ARCH = YES;
				SDKROOT = iphoneos;
				TARGETED_DEVICE_FAMILY = "1,2";
			};
			name = Debug;
		};
		E2270E811EE8F8780088AA9D /* Release */ = {
			isa = XCBuildConfiguration;
			buildSettings = {
				ALWAYS_SEARCH_USER_PATHS = NO;
				CLANG_ANALYZER_NONNULL = YES;
				CLANG_ANALYZER_NUMBER_OBJECT_CONVERSION = YES_AGGRESSIVE;
				CLANG_CXX_LANGUAGE_STANDARD = "gnu++0x";
				CLANG_CXX_LIBRARY = "libc++";
				CLANG_ENABLE_MODULES = YES;
				CLANG_ENABLE_OBJC_ARC = YES;
				CLANG_WARN_BOOL_CONVERSION = YES;
				CLANG_WARN_CONSTANT_CONVERSION = YES;
				CLANG_WARN_DIRECT_OBJC_ISA_USAGE = YES_ERROR;
				CLANG_WARN_DOCUMENTATION_COMMENTS = YES;
				CLANG_WARN_EMPTY_BODY = YES;
				CLANG_WARN_ENUM_CONVERSION = YES;
				CLANG_WARN_INFINITE_RECURSION = YES;
				CLANG_WARN_INT_CONVERSION = YES;
				CLANG_WARN_OBJC_ROOT_CLASS = YES_ERROR;
				CLANG_WARN_SUSPICIOUS_MOVE = YES;
				CLANG_WARN_UNREACHABLE_CODE = YES;
				CLANG_WARN__DUPLICATE_METHOD_MATCH = YES;
				"CODE_SIGN_IDENTITY[sdk=iphoneos*]" = "iPhone Developer";
				COPY_PHASE_STRIP = NO;
				DEBUG_INFORMATION_FORMAT = "dwarf-with-dsym";
				ENABLE_NS_ASSERTIONS = NO;
				ENABLE_STRICT_OBJC_MSGSEND = YES;
				GCC_C_LANGUAGE_STANDARD = gnu99;
				GCC_NO_COMMON_BLOCKS = YES;
				GCC_WARN_64_TO_32_BIT_CONVERSION = YES;
				GCC_WARN_ABOUT_RETURN_TYPE = YES_ERROR;
				GCC_WARN_UNDECLARED_SELECTOR = YES;
				GCC_WARN_UNINITIALIZED_AUTOS = YES_AGGRESSIVE;
				GCC_WARN_UNUSED_FUNCTION = YES;
				GCC_WARN_UNUSED_VARIABLE = YES;
				IPHONEOS_DEPLOYMENT_TARGET = 10.3;
				MTL_ENABLE_DEBUG_INFO = NO;
				SDKROOT = iphoneos;
				TARGETED_DEVICE_FAMILY = "1,2";
				VALIDATE_PRODUCT = YES;
			};
			name = Release;
		};
		E2270E831EE8F8780088AA9D /* Debug */ = {
			isa = XCBuildConfiguration;
			buildSettings = {
				ASSETCATALOG_COMPILER_APPICON_NAME = AppIcon;
				DEVELOPMENT_TEAM = 8GB5VM96LY;
				INFOPLIST_FILE = YXLToastView/Info.plist;
				LD_RUNPATH_SEARCH_PATHS = "$(inherited) @executable_path/Frameworks";
				PRODUCT_BUNDLE_IDENTIFIER = yingxiaoli.YXLToastView;
				PRODUCT_NAME = "$(TARGET_NAME)";
			};
			name = Debug;
		};
		E2270E841EE8F8780088AA9D /* Release */ = {
			isa = XCBuildConfiguration;
			buildSettings = {
				ASSETCATALOG_COMPILER_APPICON_NAME = AppIcon;
				DEVELOPMENT_TEAM = 8GB5VM96LY;
				INFOPLIST_FILE = YXLToastView/Info.plist;
				LD_RUNPATH_SEARCH_PATHS = "$(inherited) @executable_path/Frameworks";
				PRODUCT_BUNDLE_IDENTIFIER = yingxiaoli.YXLToastView;
				PRODUCT_NAME = "$(TARGET_NAME)";
			};
			name = Release;
		};
/* End XCBuildConfiguration section */

/* Begin XCConfigurationList section */
		E2270E661EE8F8780088AA9D /* Build configuration list for PBXProject "YXLToastView" */ = {
			isa = XCConfigurationList;
			buildConfigurations = (
				E2270E801EE8F8780088AA9D /* Debug */,
				E2270E811EE8F8780088AA9D /* Release */,
			);
			defaultConfigurationIsVisible = 0;
			defaultConfigurationName = Release;
		};
		E2270E821EE8F8780088AA9D /* Build configuration list for PBXNativeTarget "YXLToastView" */ = {
			isa = XCConfigurationList;
			buildConfigurations = (
				E2270E831EE8F8780088AA9D /* Debug */,
				E2270E841EE8F8780088AA9D /* Release */,
			);
			defaultConfigurationIsVisible = 0;
		};
/* End XCConfigurationList section */
	};
	rootObject = E2270E631EE8F8780088AA9D /* Project object */;
}
